
Microsoft Visual Studio Solution File, Format Version 12.00
# Visual Studio Version 17
VisualStudioVersion = 17.0.31903.59
MinimumVisualStudioVersion = 10.0.40219.1
Project("{2150E333-8FDC-42A3-9474-1A3956D46DE8}") = "Modules", "Modules", "{6A4ED10B-76CB-47A9-B983-B786CD477DBD}"
EndProject
Project("{2150E333-8FDC-42A3-9474-1A3956D46DE8}") = "Assets", "Assets", "{8CC8602C-AF67-42EC-B226-238030E95BF3}"
EndProject
Project("{FAE04EC0-301F-11D3-BF4B-00C04F79EFBC}") = "FactorInvesting.Modules.Assets.Domain", "Modules\Assets\Domain\FactorInvesting.Modules.Assets.Domain.csproj", "{CFF3B3A7-02F1-4652-8952-B62B917A4FA4}"
EndProject
Project("{2150E333-8FDC-42A3-9474-1A3956D46DE8}") = "BuildingBlocks", "BuildingBlocks", "{BEF369AE-0B13-42E8-B61D-9026ACD495AD}"
EndProject
Project("{FAE04EC0-301F-11D3-BF4B-00C04F79EFBC}") = "FactorInvesting.BuildingBlocks.Domain", "BuildingBlocks\Domain\FactorInvesting.BuildingBlocks.Domain.csproj", "{55531183-710C-4D06-B282-C34A6DB83494}"
EndProject
Project("{FAE04EC0-301F-11D3-BF4B-00C04F79EFBC}") = "FactorInvesting.BuildingBlocks.Application", "BuildingBlocks\Application\FactorInvesting.BuildingBlocks.Application.csproj", "{8FA96C57-0FBC-4778-B2EC-1081B7165022}"
EndProject
Project("{FAE04EC0-301F-11D3-BF4B-00C04F79EFBC}") = "FactorInvesting.Modules.Assets.Infrastructure", "Modules\Assets\Infrastructure\FactorInvesting.Modules.Assets.Infrastructure.csproj", "{823D5F3A-B231-47C3-BC2A-138EDAF58C9C}"
EndProject
Project("{FAE04EC0-301F-11D3-BF4B-00C04F79EFBC}") = "FactorInvesting.Modules.Assets.Application", "Modules\Assets\Application\FactorInvesting.Modules.Assets.Application.csproj", "{0D0EFD5F-DB2C-4FA6-A92B-3160E81E9379}"
EndProject
Project("{2150E333-8FDC-42A3-9474-1A3956D46DE8}") = "Apps", "Apps", "{A3B86147-A197-40CB-A06C-22F5C618DC69}"
EndProject
Project("{FAE04EC0-301F-11D3-BF4B-00C04F79EFBC}") = "FactorInvesting.Apps.API", "Apps\API\FactorInvesting.Apps.API.csproj", "{533ED2B9-0365-4D3C-ADDF-17A66599BE38}"
EndProject
Project("{FAE04EC0-301F-11D3-BF4B-00C04F79EFBC}") = "FactorInvesting.BuildingBlocks.Infrastructure", "BuildingBlocks\Infrastructure\FactorInvesting.BuildingBlocks.Infrastructure.csproj", "{022A2197-B0C9-4C6D-B318-2DCBDC1842B8}"
EndProject
Project("{FAE04EC0-301F-11D3-BF4B-00C04F79EFBC}") = "FactorInvesting.Modules.Assets.Tests.UnitTests", "Modules\Assets\Tests\UnitTests\FactorInvesting.Modules.Assets.Tests.UnitTests.csproj", "{5F090F9D-40F1-4CEE-851E-111E8993C636}"
EndProject
Project("{FAE04EC0-301F-11D3-BF4B-00C04F79EFBC}") = "FactorInvesting.Modules.Assets.IntegrationTests", "Modules\Assets\Tests\IntegrationTests\FactorInvesting.Modules.Assets.IntegrationTests.csproj", "{26E5EAFE-F108-4D3B-BD62-2062B2A25217}"
EndProject
Project("{2150E333-8FDC-42A3-9474-1A3956D46DE8}") = "Tests", "Tests", "{308BF623-C87F-48F2-ABE8-548B1335594B}"
EndProject
Project("{FAE04EC0-301F-11D3-BF4B-00C04F79EFBC}") = "FactorInvesting.IntegrationTests", "Tests\IntegrationTests\FactorInvesting.IntegrationTests.csproj", "{DE876D4F-19C3-4728-B259-EBFB3550E823}"
EndProject
Global
	GlobalSection(SolutionConfigurationPlatforms) = preSolution
		Debug|Any CPU = Debug|Any CPU
		Release|Any CPU = Release|Any CPU
	EndGlobalSection
	GlobalSection(ProjectConfigurationPlatforms) = postSolution
		{CFF3B3A7-02F1-4652-8952-B62B917A4FA4}.Debug|Any CPU.ActiveCfg = Debug|Any CPU
		{CFF3B3A7-02F1-4652-8952-B62B917A4FA4}.Debug|Any CPU.Build.0 = Debug|Any CPU
		{CFF3B3A7-02F1-4652-8952-B62B917A4FA4}.Release|Any CPU.ActiveCfg = Release|Any CPU
		{CFF3B3A7-02F1-4652-8952-B62B917A4FA4}.Release|Any CPU.Build.0 = Release|Any CPU
		{55531183-710C-4D06-B282-C34A6DB83494}.Debug|Any CPU.ActiveCfg = Debug|Any CPU
		{55531183-710C-4D06-B282-C34A6DB83494}.Debug|Any CPU.Build.0 = Debug|Any CPU
		{55531183-710C-4D06-B282-C34A6DB83494}.Release|Any CPU.ActiveCfg = Release|Any CPU
		{55531183-710C-4D06-B282-C34A6DB83494}.Release|Any CPU.Build.0 = Release|Any CPU
		{8FA96C57-0FBC-4778-B2EC-1081B7165022}.Debug|Any CPU.ActiveCfg = Debug|Any CPU
		{8FA96C57-0FBC-4778-B2EC-1081B7165022}.Debug|Any CPU.Build.0 = Debug|Any CPU
		{8FA96C57-0FBC-4778-B2EC-1081B7165022}.Release|Any CPU.ActiveCfg = Release|Any CPU
		{8FA96C57-0FBC-4778-B2EC-1081B7165022}.Release|Any CPU.Build.0 = Release|Any CPU
		{823D5F3A-B231-47C3-BC2A-138EDAF58C9C}.Debug|Any CPU.ActiveCfg = Debug|Any CPU
		{823D5F3A-B231-47C3-BC2A-138EDAF58C9C}.Debug|Any CPU.Build.0 = Debug|Any CPU
		{823D5F3A-B231-47C3-BC2A-138EDAF58C9C}.Release|Any CPU.ActiveCfg = Release|Any CPU
		{823D5F3A-B231-47C3-BC2A-138EDAF58C9C}.Release|Any CPU.Build.0 = Release|Any CPU
		{0D0EFD5F-DB2C-4FA6-A92B-3160E81E9379}.Debug|Any CPU.ActiveCfg = Debug|Any CPU
		{0D0EFD5F-DB2C-4FA6-A92B-3160E81E9379}.Debug|Any CPU.Build.0 = Debug|Any CPU
		{0D0EFD5F-DB2C-4FA6-A92B-3160E81E9379}.Release|Any CPU.ActiveCfg = Release|Any CPU
		{0D0EFD5F-DB2C-4FA6-A92B-3160E81E9379}.Release|Any CPU.Build.0 = Release|Any CPU
		{533ED2B9-0365-4D3C-ADDF-17A66599BE38}.Debug|Any CPU.ActiveCfg = Debug|Any CPU
		{533ED2B9-0365-4D3C-ADDF-17A66599BE38}.Debug|Any CPU.Build.0 = Debug|Any CPU
		{533ED2B9-0365-4D3C-ADDF-17A66599BE38}.Release|Any CPU.ActiveCfg = Release|Any CPU
		{533ED2B9-0365-4D3C-ADDF-17A66599BE38}.Release|Any CPU.Build.0 = Release|Any CPU
		{022A2197-B0C9-4C6D-B318-2DCBDC1842B8}.Debug|Any CPU.ActiveCfg = Debug|Any CPU
		{022A2197-B0C9-4C6D-B318-2DCBDC1842B8}.Debug|Any CPU.Build.0 = Debug|Any CPU
		{022A2197-B0C9-4C6D-B318-2DCBDC1842B8}.Release|Any CPU.ActiveCfg = Release|Any CPU
		{022A2197-B0C9-4C6D-B318-2DCBDC1842B8}.Release|Any CPU.Build.0 = Release|Any CPU
		{5F090F9D-40F1-4CEE-851E-111E8993C636}.Debug|Any CPU.ActiveCfg = Debug|Any CPU
		{5F090F9D-40F1-4CEE-851E-111E8993C636}.Debug|Any CPU.Build.0 = Debug|Any CPU
		{5F090F9D-40F1-4CEE-851E-111E8993C636}.Release|Any CPU.ActiveCfg = Release|Any CPU
		{5F090F9D-40F1-4CEE-851E-111E8993C636}.Release|Any CPU.Build.0 = Release|Any CPU
		{26E5EAFE-F108-4D3B-BD62-2062B2A25217}.Debug|Any CPU.ActiveCfg = Debug|Any CPU
		{26E5EAFE-F108-4D3B-BD62-2062B2A25217}.Debug|Any CPU.Build.0 = Debug|Any CPU
		{26E5EAFE-F108-4D3B-BD62-2062B2A25217}.Release|Any CPU.ActiveCfg = Release|Any CPU
		{26E5EAFE-F108-4D3B-BD62-2062B2A25217}.Release|Any CPU.Build.0 = Release|Any CPU
		{DE876D4F-19C3-4728-B259-EBFB3550E823}.Debug|Any CPU.ActiveCfg = Debug|Any CPU
		{DE876D4F-19C3-4728-B259-EBFB3550E823}.Debug|Any CPU.Build.0 = Debug|Any CPU
		{DE876D4F-19C3-4728-B259-EBFB3550E823}.Release|Any CPU.ActiveCfg = Release|Any CPU
		{DE876D4F-19C3-4728-B259-EBFB3550E823}.Release|Any CPU.Build.0 = Release|Any CPU
	EndGlobalSection
	GlobalSection(SolutionProperties) = preSolution
		HideSolutionNode = FALSE
	EndGlobalSection
	GlobalSection(NestedProjects) = preSolution
		{8CC8602C-AF67-42EC-B226-238030E95BF3} = {6A4ED10B-76CB-47A9-B983-B786CD477DBD}
		{CFF3B3A7-02F1-4652-8952-B62B917A4FA4} = {8CC8602C-AF67-42EC-B226-238030E95BF3}
		{55531183-710C-4D06-B282-C34A6DB83494} = {BEF369AE-0B13-42E8-B61D-9026ACD495AD}
		{8FA96C57-0FBC-4778-B2EC-1081B7165022} = {BEF369AE-0B13-42E8-B61D-9026ACD495AD}
		{823D5F3A-B231-47C3-BC2A-138EDAF58C9C} = {8CC8602C-AF67-42EC-B226-238030E95BF3}
		{0D0EFD5F-DB2C-4FA6-A92B-3160E81E9379} = {8CC8602C-AF67-42EC-B226-238030E95BF3}
		{533ED2B9-0365-4D3C-ADDF-17A66599BE38} = {A3B86147-A197-40CB-A06C-22F5C618DC69}
		{022A2197-B0C9-4C6D-B318-2DCBDC1842B8} = {BEF369AE-0B13-42E8-B61D-9026ACD495AD}
		{5F090F9D-40F1-4CEE-851E-111E8993C636} = {8CC8602C-AF67-42EC-B226-238030E95BF3}
		{26E5EAFE-F108-4D3B-BD62-2062B2A25217} = {8CC8602C-AF67-42EC-B226-238030E95BF3}
		{DE876D4F-19C3-4728-B259-EBFB3550E823} = {308BF623-C87F-48F2-ABE8-548B1335594B}
	EndGlobalSection
EndGlobal
